// !$*UTF8*$!
{
	archiveVersion = 1;
	classes = {
	};
	objectVersion = 56;
	objects = {

/* Begin PBXBuildFile section */
		6BB49C4629CD9B65009B2A27 /* AppDelegate.swift in Sources */ = {isa = PBXBuildFile; fileRef = 6BB49C4529CD9B65009B2A27 /* AppDelegate.swift */; };
		6BB49C4829CD9B65009B2A27 /* SceneDelegate.swift in Sources */ = {isa = PBXBuildFile; fileRef = 6BB49C4729CD9B65009B2A27 /* SceneDelegate.swift */; };
		6BB49C4A29CD9B65009B2A27 /* ViewController.swift in Sources */ = {isa = PBXBuildFile; fileRef = 6BB49C4929CD9B65009B2A27 /* ViewController.swift */; };
		6BB49C4D29CD9B65009B2A27 /* Main.storyboard in Resources */ = {isa = PBXBuildFile; fileRef = 6BB49C4B29CD9B65009B2A27 /* Main.storyboard */; };
		6BB49C4F29CD9B67009B2A27 /* Assets.xcassets in Resources */ = {isa = PBXBuildFile; fileRef = 6BB49C4E29CD9B67009B2A27 /* Assets.xcassets */; };
		6BB49C5229CD9B67009B2A27 /* LaunchScreen.storyboard in Resources */ = {isa = PBXBuildFile; fileRef = 6BB49C5029CD9B67009B2A27 /* LaunchScreen.storyboard */; };
/* End PBXBuildFile section */

/* Begin PBXFileReference section */
		6BB49C4229CD9B65009B2A27 /* CountryDiscovery.app */ = {isa = PBXFileReference; explicitFileType = wrapper.application; includeInIndex = 0; path = CountryDiscovery.app; sourceTree = BUILT_PRODUCTS_DIR; };
		6BB49C4529CD9B65009B2A27 /* AppDelegate.swift */ = {isa = PBXFileReference; lastKnownFileType = sourcecode.swift; path = AppDelegate.swift; sourceTree = "<group>"; };
		6BB49C4729CD9B65009B2A27 /* SceneDelegate.swift */ = {isa = PBXFileReference; lastKnownFileType = sourcecode.swift; path = SceneDelegate.swift; sourceTree = "<group>"; };
		6BB49C4929CD9B65009B2A27 /* ViewController.swift */ = {isa = PBXFileReference; lastKnownFileType = sourcecode.swift; path = ViewController.swift; sourceTree = "<group>"; };
		6BB49C4C29CD9B65009B2A27 /* Base */ = {isa = PBXFileReference; lastKnownFileType = file.storyboard; name = Base; path = Base.lproj/Main.storyboard; sourceTree = "<group>"; };
		6BB49C4E29CD9B67009B2A27 /* Assets.xcassets */ = {isa = PBXFileReference; lastKnownFileType = folder.assetcatalog; path = Assets.xcassets; sourceTree = "<group>"; };
		6BB49C5129CD9B67009B2A27 /* Base */ = {isa = PBXFileReference; lastKnownFileType = file.storyboard; name = Base; path = Base.lproj/LaunchScreen.storyboard; sourceTree = "<group>"; };
		6BB49C5329CD9B67009B2A27 /* Info.plist */ = {isa = PBXFileReference; lastKnownFileType = text.plist.xml; path = Info.plist; sourceTree = "<group>"; };
/* End PBXFileReference section */

/* Begin PBXFrameworksBuildPhase section */
		6BB49C3F29CD9B65009B2A27 /* Frameworks */ = {
			isa = PBXFrameworksBuildPhase;
			buildActionMask = 2147483647;
			files = (
			);
			runOnlyForDeploymentPostprocessing = 0;
		};
/* End PBXFrameworksBuildPhase section */

/* Begin PBXGroup section */
		6BB49C3929CD9B65009B2A27 = {
			isa = PBXGroup;
			children = (
				6BB49C4429CD9B65009B2A27 /* CountryDiscovery */,
				6BB49C4329CD9B65009B2A27 /* Products */,
			);
			sourceTree = "<group>";
		};
		6BB49C4329CD9B65009B2A27 /* Products */ = {
			isa = PBXGroup;
			children = (
				6BB49C4229CD9B65009B2A27 /* CountryDiscovery.app */,
			);
			name = Products;
			sourceTree = "<group>";
		};
		6BB49C4429CD9B65009B2A27 /* CountryDiscovery */ = {
			isa = PBXGroup;
			children = (
				6BB49C5E29CDA00A009B2A27 /* Service */,
				6BB49C5929CD9FBF009B2A27 /* AppMain */,
				6BB49C5B29CD9FE6009B2A27 /* Modules */,
				6BB49C5A29CD9FD5009B2A27 /* StoryBoards */,
				6BB49C5F29CDA014009B2A27 /* AppResources */,
			);
			path = CountryDiscovery;
			sourceTree = "<group>";
		};
		6BB49C5929CD9FBF009B2A27 /* AppMain */ = {
			isa = PBXGroup;
			children = (
				6BB49C4529CD9B65009B2A27 /* AppDelegate.swift */,
				6BB49C4729CD9B65009B2A27 /* SceneDelegate.swift */,
			);
			path = AppMain;
			sourceTree = "<group>";
		};
		6BB49C5A29CD9FD5009B2A27 /* StoryBoards */ = {
			isa = PBXGroup;
			children = (
				6BB49C4B29CD9B65009B2A27 /* Main.storyboard */,
				6BB49C5029CD9B67009B2A27 /* LaunchScreen.storyboard */,
			);
			path = StoryBoards;
			sourceTree = "<group>";
		};
		6BB49C5B29CD9FE6009B2A27 /* Modules */ = {
			isa = PBXGroup;
			children = (
				6BB49C5C29CD9FF1009B2A27 /* MainModule */,
				6BB49C5D29CD9FFF009B2A27 /* DescriptionModule */,
			);
			path = Modules;
			sourceTree = "<group>";
		};
		6BB49C5C29CD9FF1009B2A27 /* MainModule */ = {
			isa = PBXGroup;
			children = (
				6BB49C4929CD9B65009B2A27 /* ViewController.swift */,
			);
			path = MainModule;
			sourceTree = "<group>";
		};
		6BB49C5D29CD9FFF009B2A27 /* DescriptionModule */ = {
			isa = PBXGroup;
			children = (
			);
			path = DescriptionModule;
			sourceTree = "<group>";
		};
		6BB49C5E29CDA00A009B2A27 /* Service */ = {
			isa = PBXGroup;
			children = (
			);
			path = Service;
			sourceTree = "<group>";
		};
		6BB49C5F29CDA014009B2A27 /* AppResources */ = {
			isa = PBXGroup;
			children = (
				6BB49C4E29CD9B67009B2A27 /* Assets.xcassets */,
				6BB49C5329CD9B67009B2A27 /* Info.plist */,
			);
			path = AppResources;
			sourceTree = "<group>";
		};
/* End PBXGroup section */

/* Begin PBXNativeTarget section */
		6BB49C4129CD9B65009B2A27 /* CountryDiscovery */ = {
			isa = PBXNativeTarget;
			buildConfigurationList = 6BB49C5629CD9B67009B2A27 /* Build configuration list for PBXNativeTarget "CountryDiscovery" */;
			buildPhases = (
				6BB49C3E29CD9B65009B2A27 /* Sources */,
				6BB49C3F29CD9B65009B2A27 /* Frameworks */,
				6BB49C4029CD9B65009B2A27 /* Resources */,
			);
			buildRules = (
			);
			dependencies = (
			);
			name = CountryDiscovery;
			productName = CountryDiscovery;
			productReference = 6BB49C4229CD9B65009B2A27 /* CountryDiscovery.app */;
			productType = "com.apple.product-type.application";
		};
/* End PBXNativeTarget section */

/* Begin PBXProject section */
		6BB49C3A29CD9B65009B2A27 /* Project object */ = {
			isa = PBXProject;
			attributes = {
				BuildIndependentTargetsInParallel = 1;
				LastSwiftUpdateCheck = 1420;
				LastUpgradeCheck = 1420;
				TargetAttributes = {
					6BB49C4129CD9B65009B2A27 = {
						CreatedOnToolsVersion = 14.2;
					};
				};
			};
			buildConfigurationList = 6BB49C3D29CD9B65009B2A27 /* Build configuration list for PBXProject "CountryDiscovery" */;
			compatibilityVersion = "Xcode 14.0";
			developmentRegion = en;
			hasScannedForEncodings = 0;
			knownRegions = (
				en,
				Base,
			);
			mainGroup = 6BB49C3929CD9B65009B2A27;
			productRefGroup = 6BB49C4329CD9B65009B2A27 /* Products */;
			projectDirPath = "";
			projectRoot = "";
			targets = (
				6BB49C4129CD9B65009B2A27 /* CountryDiscovery */,
			);
		};
/* End PBXProject section */

/* Begin PBXResourcesBuildPhase section */
		6BB49C4029CD9B65009B2A27 /* Resources */ = {
			isa = PBXResourcesBuildPhase;
			buildActionMask = 2147483647;
			files = (
				6BB49C5229CD9B67009B2A27 /* LaunchScreen.storyboard in Resources */,
				6BB49C4F29CD9B67009B2A27 /* Assets.xcassets in Resources */,
				6BB49C4D29CD9B65009B2A27 /* Main.storyboard in Resources */,
			);
			runOnlyForDeploymentPostprocessing = 0;
		};
/* End PBXResourcesBuildPhase section */

/* Begin PBXSourcesBuildPhase section */
		6BB49C3E29CD9B65009B2A27 /* Sources */ = {
			isa = PBXSourcesBuildPhase;
			buildActionMask = 2147483647;
			files = (
				6BB49C4A29CD9B65009B2A27 /* ViewController.swift in Sources */,
				6BB49C4629CD9B65009B2A27 /* AppDelegate.swift in Sources */,
				6BB49C4829CD9B65009B2A27 /* SceneDelegate.swift in Sources */,
			);
			runOnlyForDeploymentPostprocessing = 0;
		};
/* End PBXSourcesBuildPhase section */

/* Begin PBXVariantGroup section */
		6BB49C4B29CD9B65009B2A27 /* Main.storyboard */ = {
			isa = PBXVariantGroup;
			children = (
				6BB49C4C29CD9B65009B2A27 /* Base */,
			);
			name = Main.storyboard;
			sourceTree = "<group>";
		};
		6BB49C5029CD9B67009B2A27 /* LaunchScreen.storyboard */ = {
			isa = PBXVariantGroup;
			children = (
				6BB49C5129CD9B67009B2A27 /* Base */,
			);
			name = LaunchScreen.storyboard;
			sourceTree = "<group>";
		};
/* End PBXVariantGroup section */

/* Begin XCBuildConfiguration section */
		6BB49C5429CD9B67009B2A27 /* Debug */ = {
			isa = XCBuildConfiguration;
			buildSettings = {
				ALWAYS_SEARCH_USER_PATHS = NO;
				CLANG_ANALYZER_NONNULL = YES;
				CLANG_ANALYZER_NUMBER_OBJECT_CONVERSION = YES_AGGRESSIVE;
				CLANG_CXX_LANGUAGE_STANDARD = "gnu++20";
				CLANG_ENABLE_MODULES = YES;
				CLANG_ENABLE_OBJC_ARC = YES;
				CLANG_ENABLE_OBJC_WEAK = YES;
				CLANG_WARN_BLOCK_CAPTURE_AUTORELEASING = YES;
				CLANG_WARN_BOOL_CONVERSION = YES;
				CLANG_WARN_COMMA = YES;
				CLANG_WARN_CONSTANT_CONVERSION = YES;
				CLANG_WARN_DEPRECATED_OBJC_IMPLEMENTATIONS = YES;
				CLANG_WARN_DIRECT_OBJC_ISA_USAGE = YES_ERROR;
				CLANG_WARN_DOCUMENTATION_COMMENTS = YES;
				CLANG_WARN_EMPTY_BODY = YES;
				CLANG_WARN_ENUM_CONVERSION = YES;
				CLANG_WARN_INFINITE_RECURSION = YES;
				CLANG_WARN_INT_CONVERSION = YES;
				CLANG_WARN_NON_LITERAL_NULL_CONVERSION = YES;
				CLANG_WARN_OBJC_IMPLICIT_RETAIN_SELF = YES;
				CLANG_WARN_OBJC_LITERAL_CONVERSION = YES;
				CLANG_WARN_OBJC_ROOT_CLASS = YES_ERROR;
				CLANG_WARN_QUOTED_INCLUDE_IN_FRAMEWORK_HEADER = YES;
				CLANG_WARN_RANGE_LOOP_ANALYSIS = YES;
				CLANG_WARN_STRICT_PROTOTYPES = YES;
				CLANG_WARN_SUSPICIOUS_MOVE = YES;
				CLANG_WARN_UNGUARDED_AVAILABILITY = YES_AGGRESSIVE;
				CLANG_WARN_UNREACHABLE_CODE = YES;
				CLANG_WARN__DUPLICATE_METHOD_MATCH = YES;
				COPY_PHASE_STRIP = NO;
				DEBUG_INFORMATION_FORMAT = dwarf;
				ENABLE_STRICT_OBJC_MSGSEND = YES;
				ENABLE_TESTABILITY = YES;
				GCC_C_LANGUAGE_STANDARD = gnu11;
				GCC_DYNAMIC_NO_PIC = NO;
				GCC_NO_COMMON_BLOCKS = YES;
				GCC_OPTIMIZATION_LEVEL = 0;
				GCC_PREPROCESSOR_DEFINITIONS = (
					"DEBUG=1",
					"$(inherited)",
				);
				GCC_WARN_64_TO_32_BIT_CONVERSION = YES;
				GCC_WARN_ABOUT_RETURN_TYPE = YES_ERROR;
				GCC_WARN_UNDECLARED_SELECTOR = YES;
				GCC_WARN_UNINITIALIZED_AUTOS = YES_AGGRESSIVE;
				GCC_WARN_UNUSED_FUNCTION = YES;
				GCC_WARN_UNUSED_VARIABLE = YES;
				IPHONEOS_DEPLOYMENT_TARGET = 16.2;
				MTL_ENABLE_DEBUG_INFO = INCLUDE_SOURCE;
				MTL_FAST_MATH = YES;
				ONLY_ACTIVE_ARCH = YES;
				SDKROOT = iphoneos;
				SWIFT_ACTIVE_COMPILATION_CONDITIONS = DEBUG;
				SWIFT_OPTIMIZATION_LEVEL = "-Onone";
			};
			name = Debug;
		};
		6BB49C5529CD9B67009B2A27 /* Release */ = {
			isa = XCBuildConfiguration;
			buildSettings = {
				ALWAYS_SEARCH_USER_PATHS = NO;
				CLANG_ANALYZER_NONNULL = YES;
				CLANG_ANALYZER_NUMBER_OBJECT_CONVERSION = YES_AGGRESSIVE;
				CLANG_CXX_LANGUAGE_STANDARD = "gnu++20";
				CLANG_ENABLE_MODULES = YES;
				CLANG_ENABLE_OBJC_ARC = YES;
				CLANG_ENABLE_OBJC_WEAK = YES;
				CLANG_WARN_BLOCK_CAPTURE_AUTORELEASING = YES;
				CLANG_WARN_BOOL_CONVERSION = YES;
				CLANG_WARN_COMMA = YES;
				CLANG_WARN_CONSTANT_CONVERSION = YES;
				CLANG_WARN_DEPRECATED_OBJC_IMPLEMENTATIONS = YES;
				CLANG_WARN_DIRECT_OBJC_ISA_USAGE = YES_ERROR;
				CLANG_WARN_DOCUMENTATION_COMMENTS = YES;
				CLANG_WARN_EMPTY_BODY = YES;
				CLANG_WARN_ENUM_CONVERSION = YES;
				CLANG_WARN_INFINITE_RECURSION = YES;
				CLANG_WARN_INT_CONVERSION = YES;
				CLANG_WARN_NON_LITERAL_NULL_CONVERSION = YES;
				CLANG_WARN_OBJC_IMPLICIT_RETAIN_SELF = YES;
				CLANG_WARN_OBJC_LITERAL_CONVERSION = YES;
				CLANG_WARN_OBJC_ROOT_CLASS = YES_ERROR;
				CLANG_WARN_QUOTED_INCLUDE_IN_FRAMEWORK_HEADER = YES;
				CLANG_WARN_RANGE_LOOP_ANALYSIS = YES;
				CLANG_WARN_STRICT_PROTOTYPES = YES;
				CLANG_WARN_SUSPICIOUS_MOVE = YES;
				CLANG_WARN_UNGUARDED_AVAILABILITY = YES_AGGRESSIVE;
				CLANG_WARN_UNREACHABLE_CODE = YES;
				CLANG_WARN__DUPLICATE_METHOD_MATCH = YES;
				COPY_PHASE_STRIP = NO;
				DEBUG_INFORMATION_FORMAT = "dwarf-with-dsym";
				ENABLE_NS_ASSERTIONS = NO;
				ENABLE_STRICT_OBJC_MSGSEND = YES;
				GCC_C_LANGUAGE_STANDARD = gnu11;
				GCC_NO_COMMON_BLOCKS = YES;
				GCC_WARN_64_TO_32_BIT_CONVERSION = YES;
				GCC_WARN_ABOUT_RETURN_TYPE = YES_ERROR;
				GCC_WARN_UNDECLARED_SELECTOR = YES;
				GCC_WARN_UNINITIALIZED_AUTOS = YES_AGGRESSIVE;
				GCC_WARN_UNUSED_FUNCTION = YES;
				GCC_WARN_UNUSED_VARIABLE = YES;
				IPHONEOS_DEPLOYMENT_TARGET = 16.2;
				MTL_ENABLE_DEBUG_INFO = NO;
				MTL_FAST_MATH = YES;
				SDKROOT = iphoneos;
				SWIFT_COMPILATION_MODE = wholemodule;
				SWIFT_OPTIMIZATION_LEVEL = "-O";
				VALIDATE_PRODUCT = YES;
			};
			name = Release;
		};
		6BB49C5729CD9B67009B2A27 /* Debug */ = {
			isa = XCBuildConfiguration;
			buildSettings = {
				ASSETCATALOG_COMPILER_APPICON_NAME = AppIcon;
				ASSETCATALOG_COMPILER_GLOBAL_ACCENT_COLOR_NAME = AccentColor;
				CODE_SIGN_STYLE = Automatic;
				CURRENT_PROJECT_VERSION = 1;
				GENERATE_INFOPLIST_FILE = YES;
				INFOPLIST_FILE = CountryDiscovery/AppResources/Info.plist;
				INFOPLIST_KEY_UIApplicationSupportsIndirectInputEvents = YES;
				INFOPLIST_KEY_UILaunchStoryboardName = LaunchScreen;
				INFOPLIST_KEY_UIMainStoryboardFile = Main;
				INFOPLIST_KEY_UISupportedInterfaceOrientations_iPad = "UIInterfaceOrientationPortrait UIInterfaceOrientationPortraitUpsideDown UIInterfaceOrientationLandscapeLeft UIInterfaceOrientationLandscapeRight";
				INFOPLIST_KEY_UISupportedInterfaceOrientations_iPhone = "UIInterfaceOrientationPortrait UIInterfaceOrientationLandscapeLeft UIInterfaceOrientationLandscapeRight";
				LD_RUNPATH_SEARCH_PATHS = (
					"$(inherited)",
					"@executable_path/Frameworks",
				);
				MARKETING_VERSION = 1.0;
				PRODUCT_BUNDLE_IDENTIFIER = com.CountryDiscovery;
				PRODUCT_NAME = "$(TARGET_NAME)";
				SWIFT_EMIT_LOC_STRINGS = YES;
				SWIFT_VERSION = 5.0;
				TARGETED_DEVICE_FAMILY = "1,2";
			};
			name = Debug;
		};
		6BB49C5829CD9B67009B2A27 /* Release */ = {
			isa = XCBuildConfiguration;
			buildSettings = {
				ASSETCATALOG_COMPILER_APPICON_NAME = AppIcon;
				ASSETCATALOG_COMPILER_GLOBAL_ACCENT_COLOR_NAME = AccentColor;
				CODE_SIGN_STYLE = Automatic;
				CURRENT_PROJECT_VERSION = 1;
				GENERATE_INFOPLIST_FILE = YES;
				INFOPLIST_FILE = CountryDiscovery/AppResources/Info.plist;
				INFOPLIST_KEY_UIApplicationSupportsIndirectInputEvents = YES;
				INFOPLIST_KEY_UILaunchStoryboardName = LaunchScreen;
				INFOPLIST_KEY_UIMainStoryboardFile = Main;
				INFOPLIST_KEY_UISupportedInterfaceOrientations_iPad = "UIInterfaceOrientationPortrait UIInterfaceOrientationPortraitUpsideDown UIInterfaceOrientationLandscapeLeft UIInterfaceOrientationLandscapeRight";
				INFOPLIST_KEY_UISupportedInterfaceOrientations_iPhone = "UIInterfaceOrientationPortrait UIInterfaceOrientationLandscapeLeft UIInterfaceOrientationLandscapeRight";
				LD_RUNPATH_SEARCH_PATHS = (
					"$(inherited)",
					"@executable_path/Frameworks",
				);
				MARKETING_VERSION = 1.0;
				PRODUCT_BUNDLE_IDENTIFIER = com.CountryDiscovery;
				PRODUCT_NAME = "$(TARGET_NAME)";
				SWIFT_EMIT_LOC_STRINGS = YES;
				SWIFT_VERSION = 5.0;
				TARGETED_DEVICE_FAMILY = "1,2";
			};
			name = Release;
		};
/* End XCBuildConfiguration section */

/* Begin XCConfigurationList section */
		6BB49C3D29CD9B65009B2A27 /* Build configuration list for PBXProject "CountryDiscovery" */ = {
			isa = XCConfigurationList;
			buildConfigurations = (
				6BB49C5429CD9B67009B2A27 /* Debug */,
				6BB49C5529CD9B67009B2A27 /* Release */,
			);
			defaultConfigurationIsVisible = 0;
			defaultConfigurationName = Release;
		};
		6BB49C5629CD9B67009B2A27 /* Build configuration list for PBXNativeTarget "CountryDiscovery" */ = {
			isa = XCConfigurationList;
			buildConfigurations = (
				6BB49C5729CD9B67009B2A27 /* Debug */,
				6BB49C5829CD9B67009B2A27 /* Release */,
			);
			defaultConfigurationIsVisible = 0;
			defaultConfigurationName = Release;
		};
/* End XCConfigurationList section */
	};
	rootObject = 6BB49C3A29CD9B65009B2A27 /* Project object */;
}
